<?xml version="1.0" encoding="utf-8"?>
<Project ToolsVersion="4.0" xmlns="http://schemas.microsoft.com/developer/msbuild/2003">
  <ItemGroup>
    <Filter Include="Source Files">
      <UniqueIdentifier>{4FC737F1-C7A5-4376-A066-2A32D752A2FF}</UniqueIdentifier>
      <Extensions>cpp;c;cc;cxx;c++;def;odl;idl;hpj;bat;asm;asmx</Extensions>
    </Filter>
    <Filter Include="Header Files">
      <UniqueIdentifier>{93995380-89BD-4b04-88EB-625FBE52EBFB}</UniqueIdentifier>
      <Extensions>h;hh;hpp;hxx;h++;hm;inl;inc;ipp;xsd</Extensions>
    </Filter>
    <Filter Include="Header Files\util">
      <UniqueIdentifier>{efdecd69-b7b9-4d44-b106-2566baa07d86}</UniqueIdentifier>
    </Filter>
    <Filter Include="Header Files\vdm">
      <UniqueIdentifier>{716c3cdb-d7d0-4149-a9e7-92eca1084619}</UniqueIdentifier>
    </Filter>
  </ItemGroup>
  <ItemGroup>
    <ClCompile Include="main.cpp">
      <Filter>Source Files</Filter>
    </ClCompile>
    <ClCompile Include="mem_ctx\mem_ctx.cpp">
      <Filter>Source Files</Filter>
    </ClCompile>
    <ClCompile Include="patch_ctx\patch_ctx.cpp">
      <Filter>Source Files</Filter>
    </ClCompile>
    <ClCompile Include="vdm_ctx\vdm_ctx.cpp">
      <Filter>Source Files</Filter>
    </ClCompile>
  </ItemGroup>
  <ItemGroup>
    <ClInclude Include="util\nt.hpp">
      <Filter>Header Files\util</Filter>
    </ClInclude>
    <ClInclude Include="util\util.hpp">
      <Filter>Header Files\util</Filter>
    </ClInclude>
    <ClInclude Include="util\loadup.hpp">
      <Filter>Header Files\util</Filter>
    </ClInclude>
    <ClInclude Include="vdm\raw_driver.hpp">
      <Filter>Header Files\vdm</Filter>
    </ClInclude>
    <ClInclude Include="vdm\vdm.hpp">
      <Filter>Header Files\vdm</Filter>
    </ClInclude>
    <ClInclude Include="vdm_ctx\vdm_ctx.h">
      <Filter>Header Files</Filter>
    </ClInclude>
    <ClInclude Include="patch_ctx\patch_ctx.hpp">
      <Filter>Header Files</Filter>
    </ClInclude>
    <ClInclude Include="mem_ctx\mem_ctx.hpp">
      <Filter>Header Files</Filter>
    </ClInclude>
  </ItemGroup>
  <ItemGroup>
    <ResourceCompile Include="icon.rc">
      <Filter>Header Files</Filter>
    </ResourceCompile>
  </ItemGroup>
</Project>